
Microsoft Visual Studio Solution File, Format Version 12.00
# Visual Studio Version 17
VisualStudioVersion = 17.0.32126.317
MinimumVisualStudioVersion = 10.0.40219.1
Project("{9A19103F-16F7-4668-BE54-9A1E7A4F7556}") = "MiniProject", "WebApplication8 Products APi\MiniProject.csproj", "{91E8C0B8-0322-4089-A5A6-3DF5DD624E39}"
EndProject
Global
	GlobalSection(SolutionConfigurationPlatforms) = preSolution
		Debug|Any CPU = Debug|Any CPU
		Release|Any CPU = Release|Any CPU
	EndGlobalSection
	GlobalSection(ProjectConfigurationPlatforms) = postSolution
		{91E8C0B8-0322-4089-A5A6-3DF5DD624E39}.Debug|Any CPU.ActiveCfg = Debug|Any CPU
		{91E8C0B8-0322-4089-A5A6-3DF5DD624E39}.Debug|Any CPU.Build.0 = Debug|Any CPU
		{91E8C0B8-0322-4089-A5A6-3DF5DD624E39}.Release|Any CPU.ActiveCfg = Release|Any CPU
		{91E8C0B8-0322-4089-A5A6-3DF5DD624E39}.Release|Any CPU.Build.0 = Release|Any CPU
	EndGlobalSection
	GlobalSection(SolutionProperties) = preSolution
		HideSolutionNode = FALSE
	EndGlobalSection
	GlobalSection(ExtensibilityGlobals) = postSolution
		SolutionGuid = {57FD589F-2E6F-434A-9B79-17775991488F}
	EndGlobalSection
EndGlobal
