
Microsoft Visual Studio Solution File, Format Version 12.00
# Visual Studio Version 17
VisualStudioVersion = 17.0.32126.317
MinimumVisualStudioVersion = 10.0.40219.1
Project("{FAE04EC0-301F-11D3-BF4B-00C04F79EFBC}") = "Code Evaluation Test", "Code Evaluation Test\Code Evaluation Test.csproj", "{39520DCE-3BB5-493E-ADC4-59FFCF154D4C}"
EndProject
Global
	GlobalSection(SolutionConfigurationPlatforms) = preSolution
		Debug|Any CPU = Debug|Any CPU
		Release|Any CPU = Release|Any CPU
	EndGlobalSection
	GlobalSection(ProjectConfigurationPlatforms) = postSolution
		{39520DCE-3BB5-493E-ADC4-59FFCF154D4C}.Debug|Any CPU.ActiveCfg = Debug|Any CPU
		{39520DCE-3BB5-493E-ADC4-59FFCF154D4C}.Debug|Any CPU.Build.0 = Debug|Any CPU
		{39520DCE-3BB5-493E-ADC4-59FFCF154D4C}.Release|Any CPU.ActiveCfg = Release|Any CPU
		{39520DCE-3BB5-493E-ADC4-59FFCF154D4C}.Release|Any CPU.Build.0 = Release|Any CPU
	EndGlobalSection
	GlobalSection(SolutionProperties) = preSolution
		HideSolutionNode = FALSE
	EndGlobalSection
	GlobalSection(ExtensibilityGlobals) = postSolution
		SolutionGuid = {F9E9C84F-F68F-4E69-AD44-6CBE8581FBB5}
	EndGlobalSection
EndGlobal
